<?xml version="1.0" encoding="utf-8"?>
<Project ToolsVersion="17.0" xmlns="http://schemas.microsoft.com/developer/msbuild/2003">
  <ItemGroup>
    <CustomBuild Include="C:\Users\nidok\Desktop\Unity\firework2\firework2_cvdll\CvDll\curl\custombuild\CMakeFiles\d20782afce38fc896ffbd8b99384f157\INSTALL_force.rule">
      <Filter>CMake Rules</Filter>
    </CustomBuild>
  </ItemGroup>
  <ItemGroup>
    <Filter Include="CMake Rules">
      <UniqueIdentifier>{112DA2A7-69E4-39C9-80C3-69E5E16ADB1B}</UniqueIdentifier>
    </Filter>
  </ItemGroup>
</Project>
